
Microsoft Visual Studio Solution File, Format Version 12.00
# Visual Studio Version 16
VisualStudioVersion = 16.0.30717.126
MinimumVisualStudioVersion = 10.0.40219.1
Project("{9A19103F-16F7-4668-BE54-9A1E7A4F7556}") = "Civ2engine", "Engine\Civ2engine.csproj", "{FC6FEB4D-7ECF-4D5F-A1F7-9A5D26671FC5}"
EndProject
Project("{9A19103F-16F7-4668-BE54-9A1E7A4F7556}") = "EtoFormsUI", "EtoFormsUI\EtoFormsUI\EtoFormsUI.csproj", "{24718BAD-B4D0-43E9-ABFA-1176D54FF8AD}"
EndProject
Project("{9A19103F-16F7-4668-BE54-9A1E7A4F7556}") = "EtoFormsUI.Gtk", "EtoFormsUI\EtoFormsUI.Gtk\EtoFormsUI.Gtk.csproj", "{6C20CF55-AD04-4930-9532-E575A9811815}"
EndProject
Project("{9A19103F-16F7-4668-BE54-9A1E7A4F7556}") = "EtoFormsUI.Mac", "EtoFormsUI\EtoFormsUI.Mac\EtoFormsUI.Mac.csproj", "{4F3C9EF5-6C1C-4F6E-9827-DACC59C5A1D3}"
EndProject
Project("{9A19103F-16F7-4668-BE54-9A1E7A4F7556}") = "EtoFormsUI.WinForms", "EtoFormsUI\EtoFormsUI.WinForms\EtoFormsUI.WinForms.csproj", "{DC212B6C-55C2-414E-BC14-07ED56C6D646}"
	ProjectSection(ProjectDependencies) = postProject
		{FC6FEB4D-7ECF-4D5F-A1F7-9A5D26671FC5} = {FC6FEB4D-7ECF-4D5F-A1F7-9A5D26671FC5}
	EndProjectSection
EndProject
Global
	GlobalSection(SolutionConfigurationPlatforms) = preSolution
		Debug|Any CPU = Debug|Any CPU
		Release|Any CPU = Release|Any CPU
	EndGlobalSection
	GlobalSection(ProjectConfigurationPlatforms) = postSolution
		{FC6FEB4D-7ECF-4D5F-A1F7-9A5D26671FC5}.Debug|Any CPU.ActiveCfg = Debug|Any CPU
		{FC6FEB4D-7ECF-4D5F-A1F7-9A5D26671FC5}.Debug|Any CPU.Build.0 = Debug|Any CPU
		{FC6FEB4D-7ECF-4D5F-A1F7-9A5D26671FC5}.Release|Any CPU.ActiveCfg = Release|Any CPU
		{FC6FEB4D-7ECF-4D5F-A1F7-9A5D26671FC5}.Release|Any CPU.Build.0 = Release|Any CPU
		{24718BAD-B4D0-43E9-ABFA-1176D54FF8AD}.Debug|Any CPU.ActiveCfg = Debug|Any CPU
		{24718BAD-B4D0-43E9-ABFA-1176D54FF8AD}.Debug|Any CPU.Build.0 = Debug|Any CPU
		{24718BAD-B4D0-43E9-ABFA-1176D54FF8AD}.Release|Any CPU.ActiveCfg = Release|Any CPU
		{24718BAD-B4D0-43E9-ABFA-1176D54FF8AD}.Release|Any CPU.Build.0 = Release|Any CPU
		{6C20CF55-AD04-4930-9532-E575A9811815}.Debug|Any CPU.ActiveCfg = Debug|Any CPU
		{6C20CF55-AD04-4930-9532-E575A9811815}.Debug|Any CPU.Build.0 = Debug|Any CPU
		{6C20CF55-AD04-4930-9532-E575A9811815}.Release|Any CPU.ActiveCfg = Release|Any CPU
		{6C20CF55-AD04-4930-9532-E575A9811815}.Release|Any CPU.Build.0 = Release|Any CPU
		{4F3C9EF5-6C1C-4F6E-9827-DACC59C5A1D3}.Debug|Any CPU.ActiveCfg = Debug|Any CPU
		{4F3C9EF5-6C1C-4F6E-9827-DACC59C5A1D3}.Debug|Any CPU.Build.0 = Debug|Any CPU
		{4F3C9EF5-6C1C-4F6E-9827-DACC59C5A1D3}.Release|Any CPU.ActiveCfg = Release|Any CPU
		{4F3C9EF5-6C1C-4F6E-9827-DACC59C5A1D3}.Release|Any CPU.Build.0 = Release|Any CPU
		{DC212B6C-55C2-414E-BC14-07ED56C6D646}.Debug|Any CPU.ActiveCfg = Debug|Any CPU
		{DC212B6C-55C2-414E-BC14-07ED56C6D646}.Debug|Any CPU.Build.0 = Debug|Any CPU
		{DC212B6C-55C2-414E-BC14-07ED56C6D646}.Release|Any CPU.ActiveCfg = Release|Any CPU
		{DC212B6C-55C2-414E-BC14-07ED56C6D646}.Release|Any CPU.Build.0 = Release|Any CPU
	EndGlobalSection
	GlobalSection(SolutionProperties) = preSolution
		HideSolutionNode = FALSE
	EndGlobalSection
	GlobalSection(ExtensibilityGlobals) = postSolution
		SolutionGuid = {3B3EEBF5-6AFF-46F4-964E-587BC942AF86}
	EndGlobalSection
EndGlobal
